
Microsoft Visual Studio Solution File, Format Version 12.00
# Visual Studio 15
VisualStudioVersion = 15.0.26430.12
MinimumVisualStudioVersion = 10.0.40219.1
Project("{FAE04EC0-301F-11D3-BF4B-00C04F79EFBC}") = "FizzBuzzTDD", "FizzBuzzTDD\FizzBuzzTDD.csproj", "{F6BFAE79-F617-4CBD-AE28-506D22DD38F2}"
EndProject
Project("{FAE04EC0-301F-11D3-BF4B-00C04F79EFBC}") = "FizzBuzzTests", "FizzBuzzTests\FizzBuzzTests.csproj", "{82D87A80-EEC8-4D0D-8D76-DF34FFA3FBFF}"
EndProject
Project("{2150E333-8FDC-42A3-9474-1A3956D46DE8}") = "Solution Items", "Solution Items", "{AE783867-DCA5-45E3-AD95-1BAE133ABA7A}"
	ProjectSection(SolutionItems) = preProject
		FizzBuzzTDDLessonPlan.docx = FizzBuzzTDDLessonPlan.docx
	EndProjectSection
EndProject
Global
	GlobalSection(SolutionConfigurationPlatforms) = preSolution
		Debug|Any CPU = Debug|Any CPU
		Release|Any CPU = Release|Any CPU
	EndGlobalSection
	GlobalSection(ProjectConfigurationPlatforms) = postSolution
		{F6BFAE79-F617-4CBD-AE28-506D22DD38F2}.Debug|Any CPU.ActiveCfg = Debug|Any CPU
		{F6BFAE79-F617-4CBD-AE28-506D22DD38F2}.Debug|Any CPU.Build.0 = Debug|Any CPU
		{F6BFAE79-F617-4CBD-AE28-506D22DD38F2}.Release|Any CPU.ActiveCfg = Release|Any CPU
		{F6BFAE79-F617-4CBD-AE28-506D22DD38F2}.Release|Any CPU.Build.0 = Release|Any CPU
		{82D87A80-EEC8-4D0D-8D76-DF34FFA3FBFF}.Debug|Any CPU.ActiveCfg = Debug|Any CPU
		{82D87A80-EEC8-4D0D-8D76-DF34FFA3FBFF}.Debug|Any CPU.Build.0 = Debug|Any CPU
		{82D87A80-EEC8-4D0D-8D76-DF34FFA3FBFF}.Release|Any CPU.ActiveCfg = Release|Any CPU
		{82D87A80-EEC8-4D0D-8D76-DF34FFA3FBFF}.Release|Any CPU.Build.0 = Release|Any CPU
	EndGlobalSection
	GlobalSection(SolutionProperties) = preSolution
		HideSolutionNode = FALSE
	EndGlobalSection
EndGlobal
